// !$*UTF8*$!
{
	archiveVersion = 1;
	classes = {
	};
	objectVersion = 46;
	objects = {

/* Begin PBXBuildFile section */
		418E4025544800C551E8E62B /* Pods_JetlinkSample.framework in Frameworks */ = {isa = PBXBuildFile; fileRef = 298585A59C36383109CB1A7B /* Pods_JetlinkSample.framework */; };
		4CE5D6FF498E70C2BAB3058B /* Pods_JetlinkSampleUITests.framework in Frameworks */ = {isa = PBXBuildFile; fileRef = D66921CDADE8C6816F2A171E /* Pods_JetlinkSampleUITests.framework */; };
		6D62CF05364DEF7C103F2D67 /* Pods_JetlinkSampleTests.framework in Frameworks */ = {isa = PBXBuildFile; fileRef = 3BD6616EF3FD998F7381674F /* Pods_JetlinkSampleTests.framework */; };
		8CD88D001E60561500AADE18 /* JetlinkSDK.framework in Frameworks */ = {isa = PBXBuildFile; fileRef = 8CD88CFF1E60561500AADE18 /* JetlinkSDK.framework */; };
		8CFB38A11E60307900B4F10E /* main.m in Sources */ = {isa = PBXBuildFile; fileRef = 8CFB38A01E60307900B4F10E /* main.m */; };
		8CFB38A41E60307900B4F10E /* AppDelegate.m in Sources */ = {isa = PBXBuildFile; fileRef = 8CFB38A31E60307900B4F10E /* AppDelegate.m */; };
		8CFB38A71E60307900B4F10E /* ViewController.m in Sources */ = {isa = PBXBuildFile; fileRef = 8CFB38A61E60307900B4F10E /* ViewController.m */; };
		8CFB38AA1E60307A00B4F10E /* Main.storyboard in Resources */ = {isa = PBXBuildFile; fileRef = 8CFB38A81E60307A00B4F10E /* Main.storyboard */; };
		8CFB38AC1E60307A00B4F10E /* Assets.xcassets in Resources */ = {isa = PBXBuildFile; fileRef = 8CFB38AB1E60307A00B4F10E /* Assets.xcassets */; };
		8CFB38AF1E60307A00B4F10E /* LaunchScreen.storyboard in Resources */ = {isa = PBXBuildFile; fileRef = 8CFB38AD1E60307A00B4F10E /* LaunchScreen.storyboard */; };
		8CFB38BA1E60307A00B4F10E /* JetlinkSampleTests.m in Sources */ = {isa = PBXBuildFile; fileRef = 8CFB38B91E60307A00B4F10E /* JetlinkSampleTests.m */; };
		8CFB38C51E60307A00B4F10E /* JetlinkSampleUITests.m in Sources */ = {isa = PBXBuildFile; fileRef = 8CFB38C41E60307A00B4F10E /* JetlinkSampleUITests.m */; };
/* End PBXBuildFile section */

/* Begin PBXContainerItemProxy section */
		8CFB38B61E60307A00B4F10E /* PBXContainerItemProxy */ = {
			isa = PBXContainerItemProxy;
			containerPortal = 8CFB38941E60307900B4F10E /* Project object */;
			proxyType = 1;
			remoteGlobalIDString = 8CFB389B1E60307900B4F10E;
			remoteInfo = JetlinkSample;
		};
		8CFB38C11E60307A00B4F10E /* PBXContainerItemProxy */ = {
			isa = PBXContainerItemProxy;
			containerPortal = 8CFB38941E60307900B4F10E /* Project object */;
			proxyType = 1;
			remoteGlobalIDString = 8CFB389B1E60307900B4F10E;
			remoteInfo = JetlinkSample;
		};
/* End PBXContainerItemProxy section */

/* Begin PBXFileReference section */
		2967A7785C9C8702CCEBF99F /* Pods-JetlinkSampleUITests.debug.xcconfig */ = {isa = PBXFileReference; includeInIndex = 1; lastKnownFileType = text.xcconfig; name = "Pods-JetlinkSampleUITests.debug.xcconfig"; path = "Pods/Target Support Files/Pods-JetlinkSampleUITests/Pods-JetlinkSampleUITests.debug.xcconfig"; sourceTree = "<group>"; };
		298585A59C36383109CB1A7B /* Pods_JetlinkSample.framework */ = {isa = PBXFileReference; explicitFileType = wrapper.framework; includeInIndex = 0; path = Pods_JetlinkSample.framework; sourceTree = BUILT_PRODUCTS_DIR; };
		3BD6616EF3FD998F7381674F /* Pods_JetlinkSampleTests.framework */ = {isa = PBXFileReference; explicitFileType = wrapper.framework; includeInIndex = 0; path = Pods_JetlinkSampleTests.framework; sourceTree = BUILT_PRODUCTS_DIR; };
		49CAA75918F3DB67A84FD4B5 /* Pods-JetlinkSample.release.xcconfig */ = {isa = PBXFileReference; includeInIndex = 1; lastKnownFileType = text.xcconfig; name = "Pods-JetlinkSample.release.xcconfig"; path = "Pods/Target Support Files/Pods-JetlinkSample/Pods-JetlinkSample.release.xcconfig"; sourceTree = "<group>"; };
		6545C948E6B1808614DD0487 /* Pods-JetlinkSampleUITests.release.xcconfig */ = {isa = PBXFileReference; includeInIndex = 1; lastKnownFileType = text.xcconfig; name = "Pods-JetlinkSampleUITests.release.xcconfig"; path = "Pods/Target Support Files/Pods-JetlinkSampleUITests/Pods-JetlinkSampleUITests.release.xcconfig"; sourceTree = "<group>"; };
		8CD88CFF1E60561500AADE18 /* JetlinkSDK.framework */ = {isa = PBXFileReference; lastKnownFileType = wrapper.framework; path = JetlinkSDK.framework; sourceTree = "<group>"; };
		8CFB389C1E60307900B4F10E /* JetlinkSample.app */ = {isa = PBXFileReference; explicitFileType = wrapper.application; includeInIndex = 0; path = JetlinkSample.app; sourceTree = BUILT_PRODUCTS_DIR; };
		8CFB38A01E60307900B4F10E /* main.m */ = {isa = PBXFileReference; lastKnownFileType = sourcecode.c.objc; path = main.m; sourceTree = "<group>"; };
		8CFB38A21E60307900B4F10E /* AppDelegate.h */ = {isa = PBXFileReference; lastKnownFileType = sourcecode.c.h; path = AppDelegate.h; sourceTree = "<group>"; };
		8CFB38A31E60307900B4F10E /* AppDelegate.m */ = {isa = PBXFileReference; lastKnownFileType = sourcecode.c.objc; path = AppDelegate.m; sourceTree = "<group>"; };
		8CFB38A51E60307900B4F10E /* ViewController.h */ = {isa = PBXFileReference; lastKnownFileType = sourcecode.c.h; path = ViewController.h; sourceTree = "<group>"; };
		8CFB38A61E60307900B4F10E /* ViewController.m */ = {isa = PBXFileReference; lastKnownFileType = sourcecode.c.objc; path = ViewController.m; sourceTree = "<group>"; };
		8CFB38A91E60307A00B4F10E /* Base */ = {isa = PBXFileReference; lastKnownFileType = file.storyboard; name = Base; path = Base.lproj/Main.storyboard; sourceTree = "<group>"; };
		8CFB38AB1E60307A00B4F10E /* Assets.xcassets */ = {isa = PBXFileReference; lastKnownFileType = folder.assetcatalog; path = Assets.xcassets; sourceTree = "<group>"; };
		8CFB38AE1E60307A00B4F10E /* Base */ = {isa = PBXFileReference; lastKnownFileType = file.storyboard; name = Base; path = Base.lproj/LaunchScreen.storyboard; sourceTree = "<group>"; };
		8CFB38B01E60307A00B4F10E /* Info.plist */ = {isa = PBXFileReference; lastKnownFileType = text.plist.xml; path = Info.plist; sourceTree = "<group>"; };
		8CFB38B51E60307A00B4F10E /* JetlinkSampleTests.xctest */ = {isa = PBXFileReference; explicitFileType = wrapper.cfbundle; includeInIndex = 0; path = JetlinkSampleTests.xctest; sourceTree = BUILT_PRODUCTS_DIR; };
		8CFB38B91E60307A00B4F10E /* JetlinkSampleTests.m */ = {isa = PBXFileReference; lastKnownFileType = sourcecode.c.objc; path = JetlinkSampleTests.m; sourceTree = "<group>"; };
		8CFB38BB1E60307A00B4F10E /* Info.plist */ = {isa = PBXFileReference; lastKnownFileType = text.plist.xml; path = Info.plist; sourceTree = "<group>"; };
		8CFB38C01E60307A00B4F10E /* JetlinkSampleUITests.xctest */ = {isa = PBXFileReference; explicitFileType = wrapper.cfbundle; includeInIndex = 0; path = JetlinkSampleUITests.xctest; sourceTree = BUILT_PRODUCTS_DIR; };
		8CFB38C41E60307A00B4F10E /* JetlinkSampleUITests.m */ = {isa = PBXFileReference; lastKnownFileType = sourcecode.c.objc; path = JetlinkSampleUITests.m; sourceTree = "<group>"; };
		8CFB38C61E60307A00B4F10E /* Info.plist */ = {isa = PBXFileReference; lastKnownFileType = text.plist.xml; path = Info.plist; sourceTree = "<group>"; };
		97EA083E6430535DD8182ABA /* Pods-JetlinkSampleTests.debug.xcconfig */ = {isa = PBXFileReference; includeInIndex = 1; lastKnownFileType = text.xcconfig; name = "Pods-JetlinkSampleTests.debug.xcconfig"; path = "Pods/Target Support Files/Pods-JetlinkSampleTests/Pods-JetlinkSampleTests.debug.xcconfig"; sourceTree = "<group>"; };
		D2897E45D62734AFC91E24F7 /* Pods-JetlinkSample.debug.xcconfig */ = {isa = PBXFileReference; includeInIndex = 1; lastKnownFileType = text.xcconfig; name = "Pods-JetlinkSample.debug.xcconfig"; path = "Pods/Target Support Files/Pods-JetlinkSample/Pods-JetlinkSample.debug.xcconfig"; sourceTree = "<group>"; };
		D66921CDADE8C6816F2A171E /* Pods_JetlinkSampleUITests.framework */ = {isa = PBXFileReference; explicitFileType = wrapper.framework; includeInIndex = 0; path = Pods_JetlinkSampleUITests.framework; sourceTree = BUILT_PRODUCTS_DIR; };
		F4A61DA9B8D21631EF21954C /* Pods-JetlinkSampleTests.release.xcconfig */ = {isa = PBXFileReference; includeInIndex = 1; lastKnownFileType = text.xcconfig; name = "Pods-JetlinkSampleTests.release.xcconfig"; path = "Pods/Target Support Files/Pods-JetlinkSampleTests/Pods-JetlinkSampleTests.release.xcconfig"; sourceTree = "<group>"; };
/* End PBXFileReference section */

/* Begin PBXFrameworksBuildPhase section */
		8CFB38991E60307900B4F10E /* Frameworks */ = {
			isa = PBXFrameworksBuildPhase;
			buildActionMask = 2147483647;
			files = (
				418E4025544800C551E8E62B /* Pods_JetlinkSample.framework in Frameworks */,
				8CD88D001E60561500AADE18 /* JetlinkSDK.framework in Frameworks */,
			);
			runOnlyForDeploymentPostprocessing = 0;
		};
		8CFB38B21E60307A00B4F10E /* Frameworks */ = {
			isa = PBXFrameworksBuildPhase;
			buildActionMask = 2147483647;
			files = (
				6D62CF05364DEF7C103F2D67 /* Pods_JetlinkSampleTests.framework in Frameworks */,
			);
			runOnlyForDeploymentPostprocessing = 0;
		};
		8CFB38BD1E60307A00B4F10E /* Frameworks */ = {
			isa = PBXFrameworksBuildPhase;
			buildActionMask = 2147483647;
			files = (
				4CE5D6FF498E70C2BAB3058B /* Pods_JetlinkSampleUITests.framework in Frameworks */,
			);
			runOnlyForDeploymentPostprocessing = 0;
		};
/* End PBXFrameworksBuildPhase section */

/* Begin PBXGroup section */
		21026CBDC55103D72EAB0877 /* Pods */ = {
			isa = PBXGroup;
			children = (
				D2897E45D62734AFC91E24F7 /* Pods-JetlinkSample.debug.xcconfig */,
				49CAA75918F3DB67A84FD4B5 /* Pods-JetlinkSample.release.xcconfig */,
				97EA083E6430535DD8182ABA /* Pods-JetlinkSampleTests.debug.xcconfig */,
				F4A61DA9B8D21631EF21954C /* Pods-JetlinkSampleTests.release.xcconfig */,
				2967A7785C9C8702CCEBF99F /* Pods-JetlinkSampleUITests.debug.xcconfig */,
				6545C948E6B1808614DD0487 /* Pods-JetlinkSampleUITests.release.xcconfig */,
			);
			name = Pods;
			sourceTree = "<group>";
		};
		8CFB38931E60307900B4F10E = {
			isa = PBXGroup;
			children = (
				8CD88CFF1E60561500AADE18 /* JetlinkSDK.framework */,
				8CFB389E1E60307900B4F10E /* JetlinkSample */,
				8CFB38B81E60307A00B4F10E /* JetlinkSampleTests */,
				8CFB38C31E60307A00B4F10E /* JetlinkSampleUITests */,
				8CFB389D1E60307900B4F10E /* Products */,
				21026CBDC55103D72EAB0877 /* Pods */,
				CE21E2C143A1084023716522 /* Frameworks */,
			);
			sourceTree = "<group>";
		};
		8CFB389D1E60307900B4F10E /* Products */ = {
			isa = PBXGroup;
			children = (
				8CFB389C1E60307900B4F10E /* JetlinkSample.app */,
				8CFB38B51E60307A00B4F10E /* JetlinkSampleTests.xctest */,
				8CFB38C01E60307A00B4F10E /* JetlinkSampleUITests.xctest */,
			);
			name = Products;
			sourceTree = "<group>";
		};
		8CFB389E1E60307900B4F10E /* JetlinkSample */ = {
			isa = PBXGroup;
			children = (
				8CFB38A21E60307900B4F10E /* AppDelegate.h */,
				8CFB38A31E60307900B4F10E /* AppDelegate.m */,
				8CFB38A51E60307900B4F10E /* ViewController.h */,
				8CFB38A61E60307900B4F10E /* ViewController.m */,
				8CFB38A81E60307A00B4F10E /* Main.storyboard */,
				8CFB38AB1E60307A00B4F10E /* Assets.xcassets */,
				8CFB38AD1E60307A00B4F10E /* LaunchScreen.storyboard */,
				8CFB38B01E60307A00B4F10E /* Info.plist */,
				8CFB389F1E60307900B4F10E /* Supporting Files */,
			);
			path = JetlinkSample;
			sourceTree = "<group>";
		};
		8CFB389F1E60307900B4F10E /* Supporting Files */ = {
			isa = PBXGroup;
			children = (
				8CFB38A01E60307900B4F10E /* main.m */,
			);
			name = "Supporting Files";
			sourceTree = "<group>";
		};
		8CFB38B81E60307A00B4F10E /* JetlinkSampleTests */ = {
			isa = PBXGroup;
			children = (
				8CFB38B91E60307A00B4F10E /* JetlinkSampleTests.m */,
				8CFB38BB1E60307A00B4F10E /* Info.plist */,
			);
			path = JetlinkSampleTests;
			sourceTree = "<group>";
		};
		8CFB38C31E60307A00B4F10E /* JetlinkSampleUITests */ = {
			isa = PBXGroup;
			children = (
				8CFB38C41E60307A00B4F10E /* JetlinkSampleUITests.m */,
				8CFB38C61E60307A00B4F10E /* Info.plist */,
			);
			path = JetlinkSampleUITests;
			sourceTree = "<group>";
		};
		CE21E2C143A1084023716522 /* Frameworks */ = {
			isa = PBXGroup;
			children = (
				298585A59C36383109CB1A7B /* Pods_JetlinkSample.framework */,
				3BD6616EF3FD998F7381674F /* Pods_JetlinkSampleTests.framework */,
				D66921CDADE8C6816F2A171E /* Pods_JetlinkSampleUITests.framework */,
			);
			name = Frameworks;
			sourceTree = "<group>";
		};
/* End PBXGroup section */

/* Begin PBXNativeTarget section */
		8CFB389B1E60307900B4F10E /* JetlinkSample */ = {
			isa = PBXNativeTarget;
			buildConfigurationList = 8CFB38C91E60307A00B4F10E /* Build configuration list for PBXNativeTarget "JetlinkSample" */;
			buildPhases = (
				B92F1C3B0D797869B6E99102 /* [CP] Check Pods Manifest.lock */,
				8CFB38981E60307900B4F10E /* Sources */,
				8CFB38991E60307900B4F10E /* Frameworks */,
				8CFB389A1E60307900B4F10E /* Resources */,
				5986165D5128F8B0662219ED /* [CP] Embed Pods Frameworks */,
				92F69329377470F4E2F83240 /* [CP] Copy Pods Resources */,
			);
			buildRules = (
			);
			dependencies = (
			);
			name = JetlinkSample;
			productName = JetlinkSample;
			productReference = 8CFB389C1E60307900B4F10E /* JetlinkSample.app */;
			productType = "com.apple.product-type.application";
		};
		8CFB38B41E60307A00B4F10E /* JetlinkSampleTests */ = {
			isa = PBXNativeTarget;
			buildConfigurationList = 8CFB38CC1E60307A00B4F10E /* Build configuration list for PBXNativeTarget "JetlinkSampleTests" */;
			buildPhases = (
				BB56120DCCB8F713775682F6 /* [CP] Check Pods Manifest.lock */,
				8CFB38B11E60307A00B4F10E /* Sources */,
				8CFB38B21E60307A00B4F10E /* Frameworks */,
				8CFB38B31E60307A00B4F10E /* Resources */,
				483CC8A6977693E40D694488 /* [CP] Embed Pods Frameworks */,
				FBCD52A8E764A0EDA53D86DE /* [CP] Copy Pods Resources */,
			);
			buildRules = (
			);
			dependencies = (
				8CFB38B71E60307A00B4F10E /* PBXTargetDependency */,
			);
			name = JetlinkSampleTests;
			productName = JetlinkSampleTests;
			productReference = 8CFB38B51E60307A00B4F10E /* JetlinkSampleTests.xctest */;
			productType = "com.apple.product-type.bundle.unit-test";
		};
		8CFB38BF1E60307A00B4F10E /* JetlinkSampleUITests */ = {
			isa = PBXNativeTarget;
			buildConfigurationList = 8CFB38CF1E60307A00B4F10E /* Build configuration list for PBXNativeTarget "JetlinkSampleUITests" */;
			buildPhases = (
				5C8E38C02B70089F47BA5EFC /* [CP] Check Pods Manifest.lock */,
				8CFB38BC1E60307A00B4F10E /* Sources */,
				8CFB38BD1E60307A00B4F10E /* Frameworks */,
				8CFB38BE1E60307A00B4F10E /* Resources */,
				8F5E4100F0F56D50508BBF85 /* [CP] Embed Pods Frameworks */,
				FAE1D42B01705FC249E04131 /* [CP] Copy Pods Resources */,
			);
			buildRules = (
			);
			dependencies = (
				8CFB38C21E60307A00B4F10E /* PBXTargetDependency */,
			);
			name = JetlinkSampleUITests;
			productName = JetlinkSampleUITests;
			productReference = 8CFB38C01E60307A00B4F10E /* JetlinkSampleUITests.xctest */;
			productType = "com.apple.product-type.bundle.ui-testing";
		};
/* End PBXNativeTarget section */

/* Begin PBXProject section */
		8CFB38941E60307900B4F10E /* Project object */ = {
			isa = PBXProject;
			attributes = {
				LastUpgradeCheck = 0820;
				ORGANIZATIONNAME = VesLabs;
				TargetAttributes = {
					8CFB389B1E60307900B4F10E = {
						CreatedOnToolsVersion = 8.2.1;
						DevelopmentTeam = QZZUS45HHN;
						LastSwiftMigration = 0820;
						ProvisioningStyle = Automatic;
					};
					8CFB38B41E60307A00B4F10E = {
						CreatedOnToolsVersion = 8.2.1;
						DevelopmentTeam = QZZUS45HHN;
						ProvisioningStyle = Automatic;
						TestTargetID = 8CFB389B1E60307900B4F10E;
					};
					8CFB38BF1E60307A00B4F10E = {
						CreatedOnToolsVersion = 8.2.1;
						DevelopmentTeam = QZZUS45HHN;
						ProvisioningStyle = Automatic;
						TestTargetID = 8CFB389B1E60307900B4F10E;
					};
				};
			};
			buildConfigurationList = 8CFB38971E60307900B4F10E /* Build configuration list for PBXProject "JetlinkSample" */;
			compatibilityVersion = "Xcode 3.2";
			developmentRegion = English;
			hasScannedForEncodings = 0;
			knownRegions = (
				en,
				Base,
			);
			mainGroup = 8CFB38931E60307900B4F10E;
			productRefGroup = 8CFB389D1E60307900B4F10E /* Products */;
			projectDirPath = "";
			projectRoot = "";
			targets = (
				8CFB389B1E60307900B4F10E /* JetlinkSample */,
				8CFB38B41E60307A00B4F10E /* JetlinkSampleTests */,
				8CFB38BF1E60307A00B4F10E /* JetlinkSampleUITests */,
			);
		};
/* End PBXProject section */

/* Begin PBXResourcesBuildPhase section */
		8CFB389A1E60307900B4F10E /* Resources */ = {
			isa = PBXResourcesBuildPhase;
			buildActionMask = 2147483647;
			files = (
				8CFB38AF1E60307A00B4F10E /* LaunchScreen.storyboard in Resources */,
				8CFB38AC1E60307A00B4F10E /* Assets.xcassets in Resources */,
				8CFB38AA1E60307A00B4F10E /* Main.storyboard in Resources */,
			);
			runOnlyForDeploymentPostprocessing = 0;
		};
		8CFB38B31E60307A00B4F10E /* Resources */ = {
			isa = PBXResourcesBuildPhase;
			buildActionMask = 2147483647;
			files = (
			);
			runOnlyForDeploymentPostprocessing = 0;
		};
		8CFB38BE1E60307A00B4F10E /* Resources */ = {
			isa = PBXResourcesBuildPhase;
			buildActionMask = 2147483647;
			files = (
			);
			runOnlyForDeploymentPostprocessing = 0;
		};
/* End PBXResourcesBuildPhase section */

/* Begin PBXShellScriptBuildPhase section */
		483CC8A6977693E40D694488 /* [CP] Embed Pods Frameworks */ = {
			isa = PBXShellScriptBuildPhase;
			buildActionMask = 2147483647;
			files = (
			);
			inputPaths = (
			);
			name = "[CP] Embed Pods Frameworks";
			outputPaths = (
			);
			runOnlyForDeploymentPostprocessing = 0;
			shellPath = /bin/sh;
			shellScript = "\"${SRCROOT}/Pods/Target Support Files/Pods-JetlinkSampleTests/Pods-JetlinkSampleTests-frameworks.sh\"\n";
			showEnvVarsInLog = 0;
		};
		5986165D5128F8B0662219ED /* [CP] Embed Pods Frameworks */ = {
			isa = PBXShellScriptBuildPhase;
			buildActionMask = 2147483647;
			files = (
			);
			inputPaths = (
			);
			name = "[CP] Embed Pods Frameworks";
			outputPaths = (
			);
			runOnlyForDeploymentPostprocessing = 0;
			shellPath = /bin/sh;
			shellScript = "\"${SRCROOT}/Pods/Target Support Files/Pods-JetlinkSample/Pods-JetlinkSample-frameworks.sh\"\n";
			showEnvVarsInLog = 0;
		};
		5C8E38C02B70089F47BA5EFC /* [CP] Check Pods Manifest.lock */ = {
			isa = PBXShellScriptBuildPhase;
			buildActionMask = 2147483647;
			files = (
			);
			inputPaths = (
			);
			name = "[CP] Check Pods Manifest.lock";
			outputPaths = (
			);
			runOnlyForDeploymentPostprocessing = 0;
			shellPath = /bin/sh;
			shellScript = "diff \"${PODS_ROOT}/../Podfile.lock\" \"${PODS_ROOT}/Manifest.lock\" > /dev/null\nif [ $? != 0 ] ; then\n    # print error to STDERR\n    echo \"error: The sandbox is not in sync with the Podfile.lock. Run 'pod install' or update your CocoaPods installation.\" >&2\n    exit 1\nfi\n";
			showEnvVarsInLog = 0;
		};
		8F5E4100F0F56D50508BBF85 /* [CP] Embed Pods Frameworks */ = {
			isa = PBXShellScriptBuildPhase;
			buildActionMask = 2147483647;
			files = (
			);
			inputPaths = (
			);
			name = "[CP] Embed Pods Frameworks";
			outputPaths = (
			);
			runOnlyForDeploymentPostprocessing = 0;
			shellPath = /bin/sh;
			shellScript = "\"${SRCROOT}/Pods/Target Support Files/Pods-JetlinkSampleUITests/Pods-JetlinkSampleUITests-frameworks.sh\"\n";
			showEnvVarsInLog = 0;
		};
		92F69329377470F4E2F83240 /* [CP] Copy Pods Resources */ = {
			isa = PBXShellScriptBuildPhase;
			buildActionMask = 2147483647;
			files = (
			);
			inputPaths = (
			);
			name = "[CP] Copy Pods Resources";
			outputPaths = (
			);
			runOnlyForDeploymentPostprocessing = 0;
			shellPath = /bin/sh;
			shellScript = "\"${SRCROOT}/Pods/Target Support Files/Pods-JetlinkSample/Pods-JetlinkSample-resources.sh\"\n";
			showEnvVarsInLog = 0;
		};
		B92F1C3B0D797869B6E99102 /* [CP] Check Pods Manifest.lock */ = {
			isa = PBXShellScriptBuildPhase;
			buildActionMask = 2147483647;
			files = (
			);
			inputPaths = (
			);
			name = "[CP] Check Pods Manifest.lock";
			outputPaths = (
			);
			runOnlyForDeploymentPostprocessing = 0;
			shellPath = /bin/sh;
			shellScript = "diff \"${PODS_ROOT}/../Podfile.lock\" \"${PODS_ROOT}/Manifest.lock\" > /dev/null\nif [ $? != 0 ] ; then\n    # print error to STDERR\n    echo \"error: The sandbox is not in sync with the Podfile.lock. Run 'pod install' or update your CocoaPods installation.\" >&2\n    exit 1\nfi\n";
			showEnvVarsInLog = 0;
		};
		BB56120DCCB8F713775682F6 /* [CP] Check Pods Manifest.lock */ = {
			isa = PBXShellScriptBuildPhase;
			buildActionMask = 2147483647;
			files = (
			);
			inputPaths = (
			);
			name = "[CP] Check Pods Manifest.lock";
			outputPaths = (
			);
			runOnlyForDeploymentPostprocessing = 0;
			shellPath = /bin/sh;
			shellScript = "diff \"${PODS_ROOT}/../Podfile.lock\" \"${PODS_ROOT}/Manifest.lock\" > /dev/null\nif [ $? != 0 ] ; then\n    # print error to STDERR\n    echo \"error: The sandbox is not in sync with the Podfile.lock. Run 'pod install' or update your CocoaPods installation.\" >&2\n    exit 1\nfi\n";
			showEnvVarsInLog = 0;
		};
		FAE1D42B01705FC249E04131 /* [CP] Copy Pods Resources */ = {
			isa = PBXShellScriptBuildPhase;
			buildActionMask = 2147483647;
			files = (
			);
			inputPaths = (
			);
			name = "[CP] Copy Pods Resources";
			outputPaths = (
			);
			runOnlyForDeploymentPostprocessing = 0;
			shellPath = /bin/sh;
			shellScript = "\"${SRCROOT}/Pods/Target Support Files/Pods-JetlinkSampleUITests/Pods-JetlinkSampleUITests-resources.sh\"\n";
			showEnvVarsInLog = 0;
		};
		FBCD52A8E764A0EDA53D86DE /* [CP] Copy Pods Resources */ = {
			isa = PBXShellScriptBuildPhase;
			buildActionMask = 2147483647;
			files = (
			);
			inputPaths = (
			);
			name = "[CP] Copy Pods Resources";
			outputPaths = (
			);
			runOnlyForDeploymentPostprocessing = 0;
			shellPath = /bin/sh;
			shellScript = "\"${SRCROOT}/Pods/Target Support Files/Pods-JetlinkSampleTests/Pods-JetlinkSampleTests-resources.sh\"\n";
			showEnvVarsInLog = 0;
		};
/* End PBXShellScriptBuildPhase section */

/* Begin PBXSourcesBuildPhase section */
		8CFB38981E60307900B4F10E /* Sources */ = {
			isa = PBXSourcesBuildPhase;
			buildActionMask = 2147483647;
			files = (
				8CFB38A71E60307900B4F10E /* ViewController.m in Sources */,
				8CFB38A41E60307900B4F10E /* AppDelegate.m in Sources */,
				8CFB38A11E60307900B4F10E /* main.m in Sources */,
			);
			runOnlyForDeploymentPostprocessing = 0;
		};
		8CFB38B11E60307A00B4F10E /* Sources */ = {
			isa = PBXSourcesBuildPhase;
			buildActionMask = 2147483647;
			files = (
				8CFB38BA1E60307A00B4F10E /* JetlinkSampleTests.m in Sources */,
			);
			runOnlyForDeploymentPostprocessing = 0;
		};
		8CFB38BC1E60307A00B4F10E /* Sources */ = {
			isa = PBXSourcesBuildPhase;
			buildActionMask = 2147483647;
			files = (
				8CFB38C51E60307A00B4F10E /* JetlinkSampleUITests.m in Sources */,
			);
			runOnlyForDeploymentPostprocessing = 0;
		};
/* End PBXSourcesBuildPhase section */

/* Begin PBXTargetDependency section */
		8CFB38B71E60307A00B4F10E /* PBXTargetDependency */ = {
			isa = PBXTargetDependency;
			target = 8CFB389B1E60307900B4F10E /* JetlinkSample */;
			targetProxy = 8CFB38B61E60307A00B4F10E /* PBXContainerItemProxy */;
		};
		8CFB38C21E60307A00B4F10E /* PBXTargetDependency */ = {
			isa = PBXTargetDependency;
			target = 8CFB389B1E60307900B4F10E /* JetlinkSample */;
			targetProxy = 8CFB38C11E60307A00B4F10E /* PBXContainerItemProxy */;
		};
/* End PBXTargetDependency section */

/* Begin PBXVariantGroup section */
		8CFB38A81E60307A00B4F10E /* Main.storyboard */ = {
			isa = PBXVariantGroup;
			children = (
				8CFB38A91E60307A00B4F10E /* Base */,
			);
			name = Main.storyboard;
			sourceTree = "<group>";
		};
		8CFB38AD1E60307A00B4F10E /* LaunchScreen.storyboard */ = {
			isa = PBXVariantGroup;
			children = (
				8CFB38AE1E60307A00B4F10E /* Base */,
			);
			name = LaunchScreen.storyboard;
			sourceTree = "<group>";
		};
/* End PBXVariantGroup section */

/* Begin XCBuildConfiguration section */
		8CFB38C71E60307A00B4F10E /* Debug */ = {
			isa = XCBuildConfiguration;
			buildSettings = {
				ALWAYS_SEARCH_USER_PATHS = NO;
				CLANG_ANALYZER_NONNULL = YES;
				CLANG_CXX_LANGUAGE_STANDARD = "gnu++0x";
				CLANG_CXX_LIBRARY = "libc++";
				CLANG_ENABLE_MODULES = YES;
				CLANG_ENABLE_OBJC_ARC = YES;
				CLANG_WARN_BOOL_CONVERSION = YES;
				CLANG_WARN_CONSTANT_CONVERSION = YES;
				CLANG_WARN_DIRECT_OBJC_ISA_USAGE = YES_ERROR;
				CLANG_WARN_DOCUMENTATION_COMMENTS = YES;
				CLANG_WARN_EMPTY_BODY = YES;
				CLANG_WARN_ENUM_CONVERSION = YES;
				CLANG_WARN_INFINITE_RECURSION = YES;
				CLANG_WARN_INT_CONVERSION = YES;
				CLANG_WARN_OBJC_ROOT_CLASS = YES_ERROR;
				CLANG_WARN_SUSPICIOUS_MOVE = YES;
				CLANG_WARN_UNREACHABLE_CODE = YES;
				CLANG_WARN__DUPLICATE_METHOD_MATCH = YES;
				"CODE_SIGN_IDENTITY[sdk=iphoneos*]" = "iPhone Developer";
				COPY_PHASE_STRIP = NO;
				DEBUG_INFORMATION_FORMAT = dwarf;
				ENABLE_STRICT_OBJC_MSGSEND = YES;
				ENABLE_TESTABILITY = YES;
				GCC_C_LANGUAGE_STANDARD = gnu99;
				GCC_DYNAMIC_NO_PIC = NO;
				GCC_NO_COMMON_BLOCKS = YES;
				GCC_OPTIMIZATION_LEVEL = 0;
				GCC_PREPROCESSOR_DEFINITIONS = (
					"DEBUG=1",
					"$(inherited)",
				);
				GCC_WARN_64_TO_32_BIT_CONVERSION = YES;
				GCC_WARN_ABOUT_RETURN_TYPE = YES_ERROR;
				GCC_WARN_UNDECLARED_SELECTOR = YES;
				GCC_WARN_UNINITIALIZED_AUTOS = YES_AGGRESSIVE;
				GCC_WARN_UNUSED_FUNCTION = YES;
				GCC_WARN_UNUSED_VARIABLE = YES;
				IPHONEOS_DEPLOYMENT_TARGET = 10.2;
				MTL_ENABLE_DEBUG_INFO = YES;
				ONLY_ACTIVE_ARCH = YES;
				SDKROOT = iphoneos;
			};
			name = Debug;
		};
		8CFB38C81E60307A00B4F10E /* Release */ = {
			isa = XCBuildConfiguration;
			buildSettings = {
				ALWAYS_SEARCH_USER_PATHS = NO;
				CLANG_ANALYZER_NONNULL = YES;
				CLANG_CXX_LANGUAGE_STANDARD = "gnu++0x";
				CLANG_CXX_LIBRARY = "libc++";
				CLANG_ENABLE_MODULES = YES;
				CLANG_ENABLE_OBJC_ARC = YES;
				CLANG_WARN_BOOL_CONVERSION = YES;
				CLANG_WARN_CONSTANT_CONVERSION = YES;
				CLANG_WARN_DIRECT_OBJC_ISA_USAGE = YES_ERROR;
				CLANG_WARN_DOCUMENTATION_COMMENTS = YES;
				CLANG_WARN_EMPTY_BODY = YES;
				CLANG_WARN_ENUM_CONVERSION = YES;
				CLANG_WARN_INFINITE_RECURSION = YES;
				CLANG_WARN_INT_CONVERSION = YES;
				CLANG_WARN_OBJC_ROOT_CLASS = YES_ERROR;
				CLANG_WARN_SUSPICIOUS_MOVE = YES;
				CLANG_WARN_UNREACHABLE_CODE = YES;
				CLANG_WARN__DUPLICATE_METHOD_MATCH = YES;
				"CODE_SIGN_IDENTITY[sdk=iphoneos*]" = "iPhone Developer";
				COPY_PHASE_STRIP = NO;
				DEBUG_INFORMATION_FORMAT = "dwarf-with-dsym";
				ENABLE_NS_ASSERTIONS = NO;
				ENABLE_STRICT_OBJC_MSGSEND = YES;
				GCC_C_LANGUAGE_STANDARD = gnu99;
				GCC_NO_COMMON_BLOCKS = YES;
				GCC_WARN_64_TO_32_BIT_CONVERSION = YES;
				GCC_WARN_ABOUT_RETURN_TYPE = YES_ERROR;
				GCC_WARN_UNDECLARED_SELECTOR = YES;
				GCC_WARN_UNINITIALIZED_AUTOS = YES_AGGRESSIVE;
				GCC_WARN_UNUSED_FUNCTION = YES;
				GCC_WARN_UNUSED_VARIABLE = YES;
				IPHONEOS_DEPLOYMENT_TARGET = 10.2;
				MTL_ENABLE_DEBUG_INFO = NO;
				SDKROOT = iphoneos;
				VALIDATE_PRODUCT = YES;
			};
			name = Release;
		};
		8CFB38CA1E60307A00B4F10E /* Debug */ = {
			isa = XCBuildConfiguration;
			baseConfigurationReference = D2897E45D62734AFC91E24F7 /* Pods-JetlinkSample.debug.xcconfig */;
			buildSettings = {
				ASSETCATALOG_COMPILER_APPICON_NAME = AppIcon;
				DEFINES_MODULE = YES;
				DEVELOPMENT_TEAM = QZZUS45HHN;
				EMBEDDED_CONTENT_CONTAINS_SWIFT = YES;
				ENABLE_BITCODE = NO;
				FRAMEWORK_SEARCH_PATHS = (
					"$(inherited)",
					"$(PROJECT_DIR)",
				);
				INFOPLIST_FILE = JetlinkSample/Info.plist;
				LD_RUNPATH_SEARCH_PATHS = "$(inherited) @executable_path/Frameworks";
				PRODUCT_BUNDLE_IDENTIFIER = com.veslabs.jetlinkSample;
				PRODUCT_NAME = "$(TARGET_NAME)";
				SWIFT_VERSION = 3.0;
			};
			name = Debug;
		};
		8CFB38CB1E60307A00B4F10E /* Release */ = {
			isa = XCBuildConfiguration;
			baseConfigurationReference = 49CAA75918F3DB67A84FD4B5 /* Pods-JetlinkSample.release.xcconfig */;
			buildSettings = {
				ASSETCATALOG_COMPILER_APPICON_NAME = AppIcon;
				DEFINES_MODULE = YES;
				DEVELOPMENT_TEAM = QZZUS45HHN;
				EMBEDDED_CONTENT_CONTAINS_SWIFT = YES;
				ENABLE_BITCODE = NO;
				FRAMEWORK_SEARCH_PATHS = (
					"$(inherited)",
					"$(PROJECT_DIR)",
				);
				INFOPLIST_FILE = JetlinkSample/Info.plist;
				LD_RUNPATH_SEARCH_PATHS = "$(inherited) @executable_path/Frameworks";
				PRODUCT_BUNDLE_IDENTIFIER = com.veslabs.jetlinkSample;
				PRODUCT_NAME = "$(TARGET_NAME)";
				SWIFT_VERSION = 3.0;
			};
			name = Release;
		};
		8CFB38CD1E60307A00B4F10E /* Debug */ = {
			isa = XCBuildConfiguration;
			baseConfigurationReference = 97EA083E6430535DD8182ABA /* Pods-JetlinkSampleTests.debug.xcconfig */;
			buildSettings = {
				BUNDLE_LOADER = "$(TEST_HOST)";
				DEVELOPMENT_TEAM = QZZUS45HHN;
				INFOPLIST_FILE = JetlinkSampleTests/Info.plist;
				LD_RUNPATH_SEARCH_PATHS = "$(inherited) @executable_path/Frameworks @loader_path/Frameworks";
				PRODUCT_BUNDLE_IDENTIFIER = com.veslabs.jetlink.objectivec.JetlinkSampleTests;
				PRODUCT_NAME = "$(TARGET_NAME)";
				TEST_HOST = "$(BUILT_PRODUCTS_DIR)/JetlinkSample.app/JetlinkSample";
			};
			name = Debug;
		};
		8CFB38CE1E60307A00B4F10E /* Release */ = {
			isa = XCBuildConfiguration;
			baseConfigurationReference = F4A61DA9B8D21631EF21954C /* Pods-JetlinkSampleTests.release.xcconfig */;
			buildSettings = {
				BUNDLE_LOADER = "$(TEST_HOST)";
				DEVELOPMENT_TEAM = QZZUS45HHN;
				INFOPLIST_FILE = JetlinkSampleTests/Info.plist;
				LD_RUNPATH_SEARCH_PATHS = "$(inherited) @executable_path/Frameworks @loader_path/Frameworks";
				PRODUCT_BUNDLE_IDENTIFIER = com.veslabs.jetlink.objectivec.JetlinkSampleTests;
				PRODUCT_NAME = "$(TARGET_NAME)";
				TEST_HOST = "$(BUILT_PRODUCTS_DIR)/JetlinkSample.app/JetlinkSample";
			};
			name = Release;
		};
		8CFB38D01E60307A00B4F10E /* Debug */ = {
			isa = XCBuildConfiguration;
			baseConfigurationReference = 2967A7785C9C8702CCEBF99F /* Pods-JetlinkSampleUITests.debug.xcconfig */;
			buildSettings = {
				DEVELOPMENT_TEAM = QZZUS45HHN;
				INFOPLIST_FILE = JetlinkSampleUITests/Info.plist;
				LD_RUNPATH_SEARCH_PATHS = "$(inherited) @executable_path/Frameworks @loader_path/Frameworks";
				PRODUCT_BUNDLE_IDENTIFIER = com.veslabs.jetlink.objectivec.JetlinkSampleUITests;
				PRODUCT_NAME = "$(TARGET_NAME)";
				TEST_TARGET_NAME = JetlinkSample;
			};
			name = Debug;
		};
		8CFB38D11E60307A00B4F10E /* Release */ = {
			isa = XCBuildConfiguration;
			baseConfigurationReference = 6545C948E6B1808614DD0487 /* Pods-JetlinkSampleUITests.release.xcconfig */;
			buildSettings = {
				DEVELOPMENT_TEAM = QZZUS45HHN;
				INFOPLIST_FILE = JetlinkSampleUITests/Info.plist;
				LD_RUNPATH_SEARCH_PATHS = "$(inherited) @executable_path/Frameworks @loader_path/Frameworks";
				PRODUCT_BUNDLE_IDENTIFIER = com.veslabs.jetlink.objectivec.JetlinkSampleUITests;
				PRODUCT_NAME = "$(TARGET_NAME)";
				TEST_TARGET_NAME = JetlinkSample;
			};
			name = Release;
		};
/* End XCBuildConfiguration section */

/* Begin XCConfigurationList section */
		8CFB38971E60307900B4F10E /* Build configuration list for PBXProject "JetlinkSample" */ = {
			isa = XCConfigurationList;
			buildConfigurations = (
				8CFB38C71E60307A00B4F10E /* Debug */,
				8CFB38C81E60307A00B4F10E /* Release */,
			);
			defaultConfigurationIsVisible = 0;
			defaultConfigurationName = Release;
		};
		8CFB38C91E60307A00B4F10E /* Build configuration list for PBXNativeTarget "JetlinkSample" */ = {
			isa = XCConfigurationList;
			buildConfigurations = (
				8CFB38CA1E60307A00B4F10E /* Debug */,
				8CFB38CB1E60307A00B4F10E /* Release */,
			);
			defaultConfigurationIsVisible = 0;
			defaultConfigurationName = Release;
		};
		8CFB38CC1E60307A00B4F10E /* Build configuration list for PBXNativeTarget "JetlinkSampleTests" */ = {
			isa = XCConfigurationList;
			buildConfigurations = (
				8CFB38CD1E60307A00B4F10E /* Debug */,
				8CFB38CE1E60307A00B4F10E /* Release */,
			);
			defaultConfigurationIsVisible = 0;
			defaultConfigurationName = Release;
		};
		8CFB38CF1E60307A00B4F10E /* Build configuration list for PBXNativeTarget "JetlinkSampleUITests" */ = {
			isa = XCConfigurationList;
			buildConfigurations = (
				8CFB38D01E60307A00B4F10E /* Debug */,
				8CFB38D11E60307A00B4F10E /* Release */,
			);
			defaultConfigurationIsVisible = 0;
			defaultConfigurationName = Release;
		};
/* End XCConfigurationList section */
	};
	rootObject = 8CFB38941E60307900B4F10E /* Project object */;
}
