// !$*UTF8*$!
{
	archiveVersion = 1;
	classes = {
	};
	objectVersion = 46;
	objects = {

/* Begin PBXBuildFile section */
		68D5AB7540DAB4C35AF3672F /* Pods_Jetlinksample.framework in Frameworks */ = {isa = PBXBuildFile; fileRef = 37EFC7137559AE99145639B7 /* Pods_Jetlinksample.framework */; };
		8CD1D5281E659D2000EAAB20 /* AppDelegate.swift in Sources */ = {isa = PBXBuildFile; fileRef = 8CD1D5271E659D2000EAAB20 /* AppDelegate.swift */; };
		8CD1D52A1E659D2000EAAB20 /* ViewController.swift in Sources */ = {isa = PBXBuildFile; fileRef = 8CD1D5291E659D2000EAAB20 /* ViewController.swift */; };
		8CD1D52D1E659D2000EAAB20 /* Main.storyboard in Resources */ = {isa = PBXBuildFile; fileRef = 8CD1D52B1E659D2000EAAB20 /* Main.storyboard */; };
		8CD1D5301E659D2000EAAB20 /* Jetlinksample.xcdatamodeld in Sources */ = {isa = PBXBuildFile; fileRef = 8CD1D52E1E659D2000EAAB20 /* Jetlinksample.xcdatamodeld */; };
		8CD1D5321E659D2000EAAB20 /* Assets.xcassets in Resources */ = {isa = PBXBuildFile; fileRef = 8CD1D5311E659D2000EAAB20 /* Assets.xcassets */; };
		8CD1D5351E659D2000EAAB20 /* LaunchScreen.storyboard in Resources */ = {isa = PBXBuildFile; fileRef = 8CD1D5331E659D2000EAAB20 /* LaunchScreen.storyboard */; };
/* End PBXBuildFile section */

/* Begin PBXFileReference section */
		37EFC7137559AE99145639B7 /* Pods_Jetlinksample.framework */ = {isa = PBXFileReference; explicitFileType = wrapper.framework; includeInIndex = 0; path = Pods_Jetlinksample.framework; sourceTree = BUILT_PRODUCTS_DIR; };
		58A72A980D590DA0CEB6CA56 /* Pods-Jetlinksample.debug.xcconfig */ = {isa = PBXFileReference; includeInIndex = 1; lastKnownFileType = text.xcconfig; name = "Pods-Jetlinksample.debug.xcconfig"; path = "Pods/Target Support Files/Pods-Jetlinksample/Pods-Jetlinksample.debug.xcconfig"; sourceTree = "<group>"; };
		8CD1D5241E659D2000EAAB20 /* Jetlinksample.app */ = {isa = PBXFileReference; explicitFileType = wrapper.application; includeInIndex = 0; path = Jetlinksample.app; sourceTree = BUILT_PRODUCTS_DIR; };
		8CD1D5271E659D2000EAAB20 /* AppDelegate.swift */ = {isa = PBXFileReference; lastKnownFileType = sourcecode.swift; path = AppDelegate.swift; sourceTree = "<group>"; };
		8CD1D5291E659D2000EAAB20 /* ViewController.swift */ = {isa = PBXFileReference; lastKnownFileType = sourcecode.swift; path = ViewController.swift; sourceTree = "<group>"; };
		8CD1D52C1E659D2000EAAB20 /* Base */ = {isa = PBXFileReference; lastKnownFileType = file.storyboard; name = Base; path = Base.lproj/Main.storyboard; sourceTree = "<group>"; };
		8CD1D52F1E659D2000EAAB20 /* Jetlinksample.xcdatamodel */ = {isa = PBXFileReference; lastKnownFileType = wrapper.xcdatamodel; path = Jetlinksample.xcdatamodel; sourceTree = "<group>"; };
		8CD1D5311E659D2000EAAB20 /* Assets.xcassets */ = {isa = PBXFileReference; lastKnownFileType = folder.assetcatalog; path = Assets.xcassets; sourceTree = "<group>"; };
		8CD1D5341E659D2000EAAB20 /* Base */ = {isa = PBXFileReference; lastKnownFileType = file.storyboard; name = Base; path = Base.lproj/LaunchScreen.storyboard; sourceTree = "<group>"; };
		8CD1D5361E659D2000EAAB20 /* Info.plist */ = {isa = PBXFileReference; lastKnownFileType = text.plist.xml; path = Info.plist; sourceTree = "<group>"; };
		904CC118358233D694D1A334 /* Pods-Jetlinksample.release.xcconfig */ = {isa = PBXFileReference; includeInIndex = 1; lastKnownFileType = text.xcconfig; name = "Pods-Jetlinksample.release.xcconfig"; path = "Pods/Target Support Files/Pods-Jetlinksample/Pods-Jetlinksample.release.xcconfig"; sourceTree = "<group>"; };
/* End PBXFileReference section */

/* Begin PBXFrameworksBuildPhase section */
		8CD1D5211E659D2000EAAB20 /* Frameworks */ = {
			isa = PBXFrameworksBuildPhase;
			buildActionMask = 2147483647;
			files = (
				68D5AB7540DAB4C35AF3672F /* Pods_Jetlinksample.framework in Frameworks */,
			);
			runOnlyForDeploymentPostprocessing = 0;
		};
/* End PBXFrameworksBuildPhase section */

/* Begin PBXGroup section */
		5D01736E193C11262BE8E63F /* Frameworks */ = {
			isa = PBXGroup;
			children = (
				37EFC7137559AE99145639B7 /* Pods_Jetlinksample.framework */,
			);
			name = Frameworks;
			sourceTree = "<group>";
		};
		8CD1D51B1E659D2000EAAB20 = {
			isa = PBXGroup;
			children = (
				8CD1D5261E659D2000EAAB20 /* Jetlinksample */,
				8CD1D5251E659D2000EAAB20 /* Products */,
				BB98D0213F0E90ABDFF50A98 /* Pods */,
				5D01736E193C11262BE8E63F /* Frameworks */,
			);
			sourceTree = "<group>";
		};
		8CD1D5251E659D2000EAAB20 /* Products */ = {
			isa = PBXGroup;
			children = (
				8CD1D5241E659D2000EAAB20 /* Jetlinksample.app */,
			);
			name = Products;
			sourceTree = "<group>";
		};
		8CD1D5261E659D2000EAAB20 /* Jetlinksample */ = {
			isa = PBXGroup;
			children = (
				8CD1D5271E659D2000EAAB20 /* AppDelegate.swift */,
				8CD1D5291E659D2000EAAB20 /* ViewController.swift */,
				8CD1D52B1E659D2000EAAB20 /* Main.storyboard */,
				8CD1D5311E659D2000EAAB20 /* Assets.xcassets */,
				8CD1D5331E659D2000EAAB20 /* LaunchScreen.storyboard */,
				8CD1D5361E659D2000EAAB20 /* Info.plist */,
				8CD1D52E1E659D2000EAAB20 /* Jetlinksample.xcdatamodeld */,
			);
			path = Jetlinksample;
			sourceTree = "<group>";
		};
		BB98D0213F0E90ABDFF50A98 /* Pods */ = {
			isa = PBXGroup;
			children = (
				58A72A980D590DA0CEB6CA56 /* Pods-Jetlinksample.debug.xcconfig */,
				904CC118358233D694D1A334 /* Pods-Jetlinksample.release.xcconfig */,
			);
			name = Pods;
			sourceTree = "<group>";
		};
/* End PBXGroup section */

/* Begin PBXNativeTarget section */
		8CD1D5231E659D2000EAAB20 /* Jetlinksample */ = {
			isa = PBXNativeTarget;
			buildConfigurationList = 8CD1D5391E659D2000EAAB20 /* Build configuration list for PBXNativeTarget "Jetlinksample" */;
			buildPhases = (
				514163AEF9AB9FE06F7A7329 /* [CP] Check Pods Manifest.lock */,
				8CD1D5201E659D2000EAAB20 /* Sources */,
				8CD1D5211E659D2000EAAB20 /* Frameworks */,
				8CD1D5221E659D2000EAAB20 /* Resources */,
				B5C8394A1C5CD70AAD457040 /* [CP] Embed Pods Frameworks */,
				131759076CEEB028808047AB /* [CP] Copy Pods Resources */,
			);
			buildRules = (
			);
			dependencies = (
			);
			name = Jetlinksample;
			productName = Jetlinksample;
			productReference = 8CD1D5241E659D2000EAAB20 /* Jetlinksample.app */;
			productType = "com.apple.product-type.application";
		};
/* End PBXNativeTarget section */

/* Begin PBXProject section */
		8CD1D51C1E659D2000EAAB20 /* Project object */ = {
			isa = PBXProject;
			attributes = {
				LastSwiftUpdateCheck = 0820;
				LastUpgradeCheck = 0820;
				ORGANIZATIONNAME = VesLabs;
				TargetAttributes = {
					8CD1D5231E659D2000EAAB20 = {
						CreatedOnToolsVersion = 8.2.1;
						DevelopmentTeam = QZZUS45HHN;
						ProvisioningStyle = Automatic;
					};
				};
			};
			buildConfigurationList = 8CD1D51F1E659D2000EAAB20 /* Build configuration list for PBXProject "Jetlinksample" */;
			compatibilityVersion = "Xcode 3.2";
			developmentRegion = English;
			hasScannedForEncodings = 0;
			knownRegions = (
				en,
				Base,
			);
			mainGroup = 8CD1D51B1E659D2000EAAB20;
			productRefGroup = 8CD1D5251E659D2000EAAB20 /* Products */;
			projectDirPath = "";
			projectRoot = "";
			targets = (
				8CD1D5231E659D2000EAAB20 /* Jetlinksample */,
			);
		};
/* End PBXProject section */

/* Begin PBXResourcesBuildPhase section */
		8CD1D5221E659D2000EAAB20 /* Resources */ = {
			isa = PBXResourcesBuildPhase;
			buildActionMask = 2147483647;
			files = (
				8CD1D5351E659D2000EAAB20 /* LaunchScreen.storyboard in Resources */,
				8CD1D5321E659D2000EAAB20 /* Assets.xcassets in Resources */,
				8CD1D52D1E659D2000EAAB20 /* Main.storyboard in Resources */,
			);
			runOnlyForDeploymentPostprocessing = 0;
		};
/* End PBXResourcesBuildPhase section */

/* Begin PBXShellScriptBuildPhase section */
		131759076CEEB028808047AB /* [CP] Copy Pods Resources */ = {
			isa = PBXShellScriptBuildPhase;
			buildActionMask = 2147483647;
			files = (
			);
			inputPaths = (
			);
			name = "[CP] Copy Pods Resources";
			outputPaths = (
			);
			runOnlyForDeploymentPostprocessing = 0;
			shellPath = /bin/sh;
			shellScript = "\"${SRCROOT}/Pods/Target Support Files/Pods-Jetlinksample/Pods-Jetlinksample-resources.sh\"\n";
			showEnvVarsInLog = 0;
		};
		514163AEF9AB9FE06F7A7329 /* [CP] Check Pods Manifest.lock */ = {
			isa = PBXShellScriptBuildPhase;
			buildActionMask = 2147483647;
			files = (
			);
			inputPaths = (
				"${PODS_PODFILE_DIR_PATH}/Podfile.lock",
				"${PODS_ROOT}/Manifest.lock",
			);
			name = "[CP] Check Pods Manifest.lock";
			outputPaths = (
				"$(DERIVED_FILE_DIR)/Pods-Jetlinksample-checkManifestLockResult.txt",
			);
			runOnlyForDeploymentPostprocessing = 0;
			shellPath = /bin/sh;
			shellScript = "diff \"${PODS_PODFILE_DIR_PATH}/Podfile.lock\" \"${PODS_ROOT}/Manifest.lock\" > /dev/null\nif [ $? != 0 ] ; then\n    # print error to STDERR\n    echo \"error: The sandbox is not in sync with the Podfile.lock. Run 'pod install' or update your CocoaPods installation.\" >&2\n    exit 1\nfi\n# This output is used by Xcode 'outputs' to avoid re-running this script phase.\necho \"SUCCESS\" > \"${SCRIPT_OUTPUT_FILE_0}\"\n";
			showEnvVarsInLog = 0;
		};
		B5C8394A1C5CD70AAD457040 /* [CP] Embed Pods Frameworks */ = {
			isa = PBXShellScriptBuildPhase;
			buildActionMask = 2147483647;
			files = (
			);
			inputPaths = (
				"${SRCROOT}/Pods/Target Support Files/Pods-Jetlinksample/Pods-Jetlinksample-frameworks.sh",
				"${PODS_ROOT}/JetlinkSDK/JetlinkSDK.framework",
			);
			name = "[CP] Embed Pods Frameworks";
			outputPaths = (
				"${TARGET_BUILD_DIR}/${FRAMEWORKS_FOLDER_PATH}/JetlinkSDK.framework",
			);
			runOnlyForDeploymentPostprocessing = 0;
			shellPath = /bin/sh;
			shellScript = "\"${SRCROOT}/Pods/Target Support Files/Pods-Jetlinksample/Pods-Jetlinksample-frameworks.sh\"\n";
			showEnvVarsInLog = 0;
		};
/* End PBXShellScriptBuildPhase section */

/* Begin PBXSourcesBuildPhase section */
		8CD1D5201E659D2000EAAB20 /* Sources */ = {
			isa = PBXSourcesBuildPhase;
			buildActionMask = 2147483647;
			files = (
				8CD1D5301E659D2000EAAB20 /* Jetlinksample.xcdatamodeld in Sources */,
				8CD1D52A1E659D2000EAAB20 /* ViewController.swift in Sources */,
				8CD1D5281E659D2000EAAB20 /* AppDelegate.swift in Sources */,
			);
			runOnlyForDeploymentPostprocessing = 0;
		};
/* End PBXSourcesBuildPhase section */

/* Begin PBXVariantGroup section */
		8CD1D52B1E659D2000EAAB20 /* Main.storyboard */ = {
			isa = PBXVariantGroup;
			children = (
				8CD1D52C1E659D2000EAAB20 /* Base */,
			);
			name = Main.storyboard;
			sourceTree = "<group>";
		};
		8CD1D5331E659D2000EAAB20 /* LaunchScreen.storyboard */ = {
			isa = PBXVariantGroup;
			children = (
				8CD1D5341E659D2000EAAB20 /* Base */,
			);
			name = LaunchScreen.storyboard;
			sourceTree = "<group>";
		};
/* End PBXVariantGroup section */

/* Begin XCBuildConfiguration section */
		8CD1D5371E659D2000EAAB20 /* Debug */ = {
			isa = XCBuildConfiguration;
			buildSettings = {
				ALWAYS_SEARCH_USER_PATHS = NO;
				CLANG_ANALYZER_NONNULL = YES;
				CLANG_CXX_LANGUAGE_STANDARD = "gnu++0x";
				CLANG_CXX_LIBRARY = "libc++";
				CLANG_ENABLE_MODULES = YES;
				CLANG_ENABLE_OBJC_ARC = YES;
				CLANG_WARN_BOOL_CONVERSION = YES;
				CLANG_WARN_CONSTANT_CONVERSION = YES;
				CLANG_WARN_DIRECT_OBJC_ISA_USAGE = YES_ERROR;
				CLANG_WARN_DOCUMENTATION_COMMENTS = YES;
				CLANG_WARN_EMPTY_BODY = YES;
				CLANG_WARN_ENUM_CONVERSION = YES;
				CLANG_WARN_INFINITE_RECURSION = YES;
				CLANG_WARN_INT_CONVERSION = YES;
				CLANG_WARN_OBJC_ROOT_CLASS = YES_ERROR;
				CLANG_WARN_SUSPICIOUS_MOVE = YES;
				CLANG_WARN_UNREACHABLE_CODE = YES;
				CLANG_WARN__DUPLICATE_METHOD_MATCH = YES;
				"CODE_SIGN_IDENTITY[sdk=iphoneos*]" = "iPhone Developer";
				COPY_PHASE_STRIP = NO;
				DEBUG_INFORMATION_FORMAT = dwarf;
				ENABLE_STRICT_OBJC_MSGSEND = YES;
				ENABLE_TESTABILITY = YES;
				GCC_C_LANGUAGE_STANDARD = gnu99;
				GCC_DYNAMIC_NO_PIC = NO;
				GCC_NO_COMMON_BLOCKS = YES;
				GCC_OPTIMIZATION_LEVEL = 0;
				GCC_PREPROCESSOR_DEFINITIONS = (
					"DEBUG=1",
					"$(inherited)",
				);
				GCC_WARN_64_TO_32_BIT_CONVERSION = YES;
				GCC_WARN_ABOUT_RETURN_TYPE = YES_ERROR;
				GCC_WARN_UNDECLARED_SELECTOR = YES;
				GCC_WARN_UNINITIALIZED_AUTOS = YES_AGGRESSIVE;
				GCC_WARN_UNUSED_FUNCTION = YES;
				GCC_WARN_UNUSED_VARIABLE = YES;
				IPHONEOS_DEPLOYMENT_TARGET = 10.2;
				MTL_ENABLE_DEBUG_INFO = YES;
				ONLY_ACTIVE_ARCH = YES;
				SDKROOT = iphoneos;
				SWIFT_ACTIVE_COMPILATION_CONDITIONS = DEBUG;
				SWIFT_OPTIMIZATION_LEVEL = "-Onone";
			};
			name = Debug;
		};
		8CD1D5381E659D2000EAAB20 /* Release */ = {
			isa = XCBuildConfiguration;
			buildSettings = {
				ALWAYS_SEARCH_USER_PATHS = NO;
				CLANG_ANALYZER_NONNULL = YES;
				CLANG_CXX_LANGUAGE_STANDARD = "gnu++0x";
				CLANG_CXX_LIBRARY = "libc++";
				CLANG_ENABLE_MODULES = YES;
				CLANG_ENABLE_OBJC_ARC = YES;
				CLANG_WARN_BOOL_CONVERSION = YES;
				CLANG_WARN_CONSTANT_CONVERSION = YES;
				CLANG_WARN_DIRECT_OBJC_ISA_USAGE = YES_ERROR;
				CLANG_WARN_DOCUMENTATION_COMMENTS = YES;
				CLANG_WARN_EMPTY_BODY = YES;
				CLANG_WARN_ENUM_CONVERSION = YES;
				CLANG_WARN_INFINITE_RECURSION = YES;
				CLANG_WARN_INT_CONVERSION = YES;
				CLANG_WARN_OBJC_ROOT_CLASS = YES_ERROR;
				CLANG_WARN_SUSPICIOUS_MOVE = YES;
				CLANG_WARN_UNREACHABLE_CODE = YES;
				CLANG_WARN__DUPLICATE_METHOD_MATCH = YES;
				"CODE_SIGN_IDENTITY[sdk=iphoneos*]" = "iPhone Developer";
				COPY_PHASE_STRIP = NO;
				DEBUG_INFORMATION_FORMAT = "dwarf-with-dsym";
				ENABLE_NS_ASSERTIONS = NO;
				ENABLE_STRICT_OBJC_MSGSEND = YES;
				GCC_C_LANGUAGE_STANDARD = gnu99;
				GCC_NO_COMMON_BLOCKS = YES;
				GCC_WARN_64_TO_32_BIT_CONVERSION = YES;
				GCC_WARN_ABOUT_RETURN_TYPE = YES_ERROR;
				GCC_WARN_UNDECLARED_SELECTOR = YES;
				GCC_WARN_UNINITIALIZED_AUTOS = YES_AGGRESSIVE;
				GCC_WARN_UNUSED_FUNCTION = YES;
				GCC_WARN_UNUSED_VARIABLE = YES;
				IPHONEOS_DEPLOYMENT_TARGET = 10.2;
				MTL_ENABLE_DEBUG_INFO = NO;
				SDKROOT = iphoneos;
				SWIFT_OPTIMIZATION_LEVEL = "-Owholemodule";
				VALIDATE_PRODUCT = YES;
			};
			name = Release;
		};
		8CD1D53A1E659D2000EAAB20 /* Debug */ = {
			isa = XCBuildConfiguration;
			baseConfigurationReference = 58A72A980D590DA0CEB6CA56 /* Pods-Jetlinksample.debug.xcconfig */;
			buildSettings = {
				ASSETCATALOG_COMPILER_APPICON_NAME = AppIcon;
				DEVELOPMENT_TEAM = QZZUS45HHN;
				ENABLE_BITCODE = NO;
				INFOPLIST_FILE = Jetlinksample/Info.plist;
				LD_RUNPATH_SEARCH_PATHS = "$(inherited) @executable_path/Frameworks";
				PRODUCT_BUNDLE_IDENTIFIER = com.veslabs.jetlinkSample;
				PRODUCT_NAME = "$(TARGET_NAME)";
				SWIFT_VERSION = 3.0;
			};
			name = Debug;
		};
		8CD1D53B1E659D2000EAAB20 /* Release */ = {
			isa = XCBuildConfiguration;
			baseConfigurationReference = 904CC118358233D694D1A334 /* Pods-Jetlinksample.release.xcconfig */;
			buildSettings = {
				ASSETCATALOG_COMPILER_APPICON_NAME = AppIcon;
				DEVELOPMENT_TEAM = QZZUS45HHN;
				ENABLE_BITCODE = NO;
				INFOPLIST_FILE = Jetlinksample/Info.plist;
				LD_RUNPATH_SEARCH_PATHS = "$(inherited) @executable_path/Frameworks";
				PRODUCT_BUNDLE_IDENTIFIER = com.veslabs.jetlinkSample;
				PRODUCT_NAME = "$(TARGET_NAME)";
				SWIFT_VERSION = 3.0;
			};
			name = Release;
		};
/* End XCBuildConfiguration section */

/* Begin XCConfigurationList section */
		8CD1D51F1E659D2000EAAB20 /* Build configuration list for PBXProject "Jetlinksample" */ = {
			isa = XCConfigurationList;
			buildConfigurations = (
				8CD1D5371E659D2000EAAB20 /* Debug */,
				8CD1D5381E659D2000EAAB20 /* Release */,
			);
			defaultConfigurationIsVisible = 0;
			defaultConfigurationName = Release;
		};
		8CD1D5391E659D2000EAAB20 /* Build configuration list for PBXNativeTarget "Jetlinksample" */ = {
			isa = XCConfigurationList;
			buildConfigurations = (
				8CD1D53A1E659D2000EAAB20 /* Debug */,
				8CD1D53B1E659D2000EAAB20 /* Release */,
			);
			defaultConfigurationIsVisible = 0;
			defaultConfigurationName = Release;
		};
/* End XCConfigurationList section */

/* Begin XCVersionGroup section */
		8CD1D52E1E659D2000EAAB20 /* Jetlinksample.xcdatamodeld */ = {
			isa = XCVersionGroup;
			children = (
				8CD1D52F1E659D2000EAAB20 /* Jetlinksample.xcdatamodel */,
			);
			currentVersion = 8CD1D52F1E659D2000EAAB20 /* Jetlinksample.xcdatamodel */;
			path = Jetlinksample.xcdatamodeld;
			sourceTree = "<group>";
			versionGroupType = wrapper.xcdatamodel;
		};
/* End XCVersionGroup section */
	};
	rootObject = 8CD1D51C1E659D2000EAAB20 /* Project object */;
}
